// !$*UTF8*$!
{
	archiveVersion = 1;
	classes = {
	};
	objectVersion = 56;
	objects = {

/* Begin PBXBuildFile section */
		A23CB84F640ED7F7902594B5 /* Pods_translator.framework in Frameworks */ = {isa = PBXBuildFile; fileRef = A2A8A737DA89581D06F0D055 /* Pods_translator.framework */; };
		AF3EA2A82C79058500F07EC1 /* GoogleService-Info.plist in Resources */ = {isa = PBXBuildFile; fileRef = AF3EA2A72C79058500F07EC1 /* GoogleService-Info.plist */; };
		AF43E1862C804B750028AA17 /* Main.storyboard in Resources */ = {isa = PBXBuildFile; fileRef = AF43E1842C804B750028AA17 /* Main.storyboard */; };
		AF56CFF82C7F0137001CFD3B /* SplashScreen.storyboard in Resources */ = {isa = PBXBuildFile; fileRef = AF56CFF72C7F0137001CFD3B /* SplashScreen.storyboard */; };
		AF5F13E02C785D0900711F18 /* AppDelegate.swift in Sources */ = {isa = PBXBuildFile; fileRef = AF5F13DF2C785D0900711F18 /* AppDelegate.swift */; };
		AF5F13E22C785D0900711F18 /* SceneDelegate.swift in Sources */ = {isa = PBXBuildFile; fileRef = AF5F13E12C785D0900711F18 /* SceneDelegate.swift */; };
		AF5F13E92C785D0B00711F18 /* Assets.xcassets in Resources */ = {isa = PBXBuildFile; fileRef = AF5F13E82C785D0B00711F18 /* Assets.xcassets */; };
		AF5F13EC2C785D0B00711F18 /* Base in Resources */ = {isa = PBXBuildFile; fileRef = AF5F13EB2C785D0B00711F18 /* Base */; };
		AF5F13F52C785E3500711F18 /* TranslationViewController.swift in Sources */ = {isa = PBXBuildFile; fileRef = AF5F13F32C785E3500711F18 /* TranslationViewController.swift */; };
		AF5F13F62C785E3500711F18 /* TranslationViewController.xib in Resources */ = {isa = PBXBuildFile; fileRef = AF5F13F42C785E3500711F18 /* TranslationViewController.xib */; };
/* End PBXBuildFile section */

/* Begin PBXFileReference section */
		3F3EFC9EB75BB802DA25582E /* Pods-translator.debug.xcconfig */ = {isa = PBXFileReference; includeInIndex = 1; lastKnownFileType = text.xcconfig; name = "Pods-translator.debug.xcconfig"; path = "Target Support Files/Pods-translator/Pods-translator.debug.xcconfig"; sourceTree = "<group>"; };
		60113FED664AA2C5B0701D47 /* Pods-translator.release.xcconfig */ = {isa = PBXFileReference; includeInIndex = 1; lastKnownFileType = text.xcconfig; name = "Pods-translator.release.xcconfig"; path = "Target Support Files/Pods-translator/Pods-translator.release.xcconfig"; sourceTree = "<group>"; };
		A2A8A737DA89581D06F0D055 /* Pods_translator.framework */ = {isa = PBXFileReference; explicitFileType = wrapper.framework; includeInIndex = 0; path = Pods_translator.framework; sourceTree = BUILT_PRODUCTS_DIR; };
		AF3EA2A72C79058500F07EC1 /* GoogleService-Info.plist */ = {isa = PBXFileReference; fileEncoding = 4; lastKnownFileType = text.plist.xml; path = "GoogleService-Info.plist"; sourceTree = "<group>"; };
		AF43E1852C804B750028AA17 /* Base */ = {isa = PBXFileReference; lastKnownFileType = file.storyboard; name = Base; path = Base.lproj/Main.storyboard; sourceTree = "<group>"; };
		AF56CFF72C7F0137001CFD3B /* SplashScreen.storyboard */ = {isa = PBXFileReference; lastKnownFileType = file.storyboard; path = SplashScreen.storyboard; sourceTree = "<group>"; };
		AF5F13DC2C785D0900711F18 /* translator.app */ = {isa = PBXFileReference; explicitFileType = wrapper.application; includeInIndex = 0; path = translator.app; sourceTree = BUILT_PRODUCTS_DIR; };
		AF5F13DF2C785D0900711F18 /* AppDelegate.swift */ = {isa = PBXFileReference; lastKnownFileType = sourcecode.swift; path = AppDelegate.swift; sourceTree = "<group>"; };
		AF5F13E12C785D0900711F18 /* SceneDelegate.swift */ = {isa = PBXFileReference; lastKnownFileType = sourcecode.swift; path = SceneDelegate.swift; sourceTree = "<group>"; };
		AF5F13E82C785D0B00711F18 /* Assets.xcassets */ = {isa = PBXFileReference; lastKnownFileType = folder.assetcatalog; path = Assets.xcassets; sourceTree = "<group>"; };
		AF5F13EB2C785D0B00711F18 /* Base */ = {isa = PBXFileReference; lastKnownFileType = file.storyboard; name = Base; path = Base.lproj/LaunchScreen.storyboard; sourceTree = "<group>"; };
		AF5F13ED2C785D0B00711F18 /* Info.plist */ = {isa = PBXFileReference; lastKnownFileType = text.plist.xml; path = Info.plist; sourceTree = "<group>"; };
		AF5F13F32C785E3500711F18 /* TranslationViewController.swift */ = {isa = PBXFileReference; lastKnownFileType = sourcecode.swift; path = TranslationViewController.swift; sourceTree = "<group>"; };
		AF5F13F42C785E3500711F18 /* TranslationViewController.xib */ = {isa = PBXFileReference; lastKnownFileType = file.xib; path = TranslationViewController.xib; sourceTree = "<group>"; };
/* End PBXFileReference section */

/* Begin PBXFrameworksBuildPhase section */
		AF5F13D92C785D0900711F18 /* Frameworks */ = {
			isa = PBXFrameworksBuildPhase;
			buildActionMask = 2147483647;
			files = (
				A23CB84F640ED7F7902594B5 /* Pods_translator.framework in Frameworks */,
			);
			runOnlyForDeploymentPostprocessing = 0;
		};
/* End PBXFrameworksBuildPhase section */

/* Begin PBXGroup section */
		014734C811A93DF99B44534C /* Frameworks */ = {
			isa = PBXGroup;
			children = (
				A2A8A737DA89581D06F0D055 /* Pods_translator.framework */,
			);
			name = Frameworks;
			sourceTree = "<group>";
		};
		AF5F13D32C785D0900711F18 = {
			isa = PBXGroup;
			children = (
				AF5F13DE2C785D0900711F18 /* translator */,
				AF5F13DD2C785D0900711F18 /* Products */,
				B25D495ACCA9AB3B55767CA3 /* Pods */,
				014734C811A93DF99B44534C /* Frameworks */,
			);
			sourceTree = "<group>";
		};
		AF5F13DD2C785D0900711F18 /* Products */ = {
			isa = PBXGroup;
			children = (
				AF5F13DC2C785D0900711F18 /* translator.app */,
			);
			name = Products;
			sourceTree = "<group>";
		};
		AF5F13DE2C785D0900711F18 /* translator */ = {
			isa = PBXGroup;
			children = (
				AF43E1842C804B750028AA17 /* Main.storyboard */,
				AF3EA2A72C79058500F07EC1 /* GoogleService-Info.plist */,
				AF5F13DF2C785D0900711F18 /* AppDelegate.swift */,
				AF5F13E12C785D0900711F18 /* SceneDelegate.swift */,
				AF5F13F32C785E3500711F18 /* TranslationViewController.swift */,
				AF5F13F42C785E3500711F18 /* TranslationViewController.xib */,
				AF5F13E82C785D0B00711F18 /* Assets.xcassets */,
				AF5F13EA2C785D0B00711F18 /* LaunchScreen.storyboard */,
				AF56CFF72C7F0137001CFD3B /* SplashScreen.storyboard */,
				AF5F13ED2C785D0B00711F18 /* Info.plist */,
			);
			path = translator;
			sourceTree = "<group>";
		};
		B25D495ACCA9AB3B55767CA3 /* Pods */ = {
			isa = PBXGroup;
			children = (
				3F3EFC9EB75BB802DA25582E /* Pods-translator.debug.xcconfig */,
				60113FED664AA2C5B0701D47 /* Pods-translator.release.xcconfig */,
			);
			path = Pods;
			sourceTree = "<group>";
		};
/* End PBXGroup section */

/* Begin PBXNativeTarget section */
		AF5F13DB2C785D0900711F18 /* translator */ = {
			isa = PBXNativeTarget;
			buildConfigurationList = AF5F13F02C785D0B00711F18 /* Build configuration list for PBXNativeTarget "translator" */;
			buildPhases = (
				5E76AF2219EFF23CC42A26C8 /* [CP] Check Pods Manifest.lock */,
				AF5F13D82C785D0900711F18 /* Sources */,
				AF5F13D92C785D0900711F18 /* Frameworks */,
				AF5F13DA2C785D0900711F18 /* Resources */,
				FB949F0380635795B2AC850D /* [CP] Embed Pods Frameworks */,
				4AF603AF0835075DACC179A9 /* [CP] Copy Pods Resources */,
			);
			buildRules = (
			);
			dependencies = (
			);
			name = translator;
			productName = translator;
			productReference = AF5F13DC2C785D0900711F18 /* translator.app */;
			productType = "com.apple.product-type.application";
		};
/* End PBXNativeTarget section */

/* Begin PBXProject section */
		AF5F13D42C785D0900711F18 /* Project object */ = {
			isa = PBXProject;
			attributes = {
				BuildIndependentTargetsInParallel = 1;
				LastSwiftUpdateCheck = 1540;
				LastUpgradeCheck = 1540;
				TargetAttributes = {
					AF5F13DB2C785D0900711F18 = {
						CreatedOnToolsVersion = 15.4;
					};
				};
			};
			buildConfigurationList = AF5F13D72C785D0900711F18 /* Build configuration list for PBXProject "translator" */;
			compatibilityVersion = "Xcode 14.0";
			developmentRegion = en;
			hasScannedForEncodings = 0;
			knownRegions = (
				en,
				Base,
			);
			mainGroup = AF5F13D32C785D0900711F18;
			productRefGroup = AF5F13DD2C785D0900711F18 /* Products */;
			projectDirPath = "";
			projectRoot = "";
			targets = (
				AF5F13DB2C785D0900711F18 /* translator */,
			);
		};
/* End PBXProject section */

/* Begin PBXResourcesBuildPhase section */
		AF5F13DA2C785D0900711F18 /* Resources */ = {
			isa = PBXResourcesBuildPhase;
			buildActionMask = 2147483647;
			files = (
				AF5F13E92C785D0B00711F18 /* Assets.xcassets in Resources */,
				AF56CFF82C7F0137001CFD3B /* SplashScreen.storyboard in Resources */,
				AF5F13EC2C785D0B00711F18 /* Base in Resources */,
				AF43E1862C804B750028AA17 /* Main.storyboard in Resources */,
				AF3EA2A82C79058500F07EC1 /* GoogleService-Info.plist in Resources */,
				AF5F13F62C785E3500711F18 /* TranslationViewController.xib in Resources */,
			);
			runOnlyForDeploymentPostprocessing = 0;
		};
/* End PBXResourcesBuildPhase section */

/* Begin PBXShellScriptBuildPhase section */
		4AF603AF0835075DACC179A9 /* [CP] Copy Pods Resources */ = {
			isa = PBXShellScriptBuildPhase;
			buildActionMask = 2147483647;
			files = (
			);
			inputFileListPaths = (
				"${PODS_ROOT}/Target Support Files/Pods-translator/Pods-translator-resources-${CONFIGURATION}-input-files.xcfilelist",
			);
			name = "[CP] Copy Pods Resources";
			outputFileListPaths = (
				"${PODS_ROOT}/Target Support Files/Pods-translator/Pods-translator-resources-${CONFIGURATION}-output-files.xcfilelist",
			);
			runOnlyForDeploymentPostprocessing = 0;
			shellPath = /bin/sh;
			shellScript = "\"${PODS_ROOT}/Target Support Files/Pods-translator/Pods-translator-resources.sh\"\n";
			showEnvVarsInLog = 0;
		};
		5E76AF2219EFF23CC42A26C8 /* [CP] Check Pods Manifest.lock */ = {
			isa = PBXShellScriptBuildPhase;
			buildActionMask = 2147483647;
			files = (
			);
			inputFileListPaths = (
			);
			inputPaths = (
				"${PODS_PODFILE_DIR_PATH}/Podfile.lock",
				"${PODS_ROOT}/Manifest.lock",
			);
			name = "[CP] Check Pods Manifest.lock";
			outputFileListPaths = (
			);
			outputPaths = (
				"$(DERIVED_FILE_DIR)/Pods-translator-checkManifestLockResult.txt",
			);
			runOnlyForDeploymentPostprocessing = 0;
			shellPath = /bin/sh;
			shellScript = "diff \"${PODS_PODFILE_DIR_PATH}/Podfile.lock\" \"${PODS_ROOT}/Manifest.lock\" > /dev/null\nif [ $? != 0 ] ; then\n    # print error to STDERR\n    echo \"error: The sandbox is not in sync with the Podfile.lock. Run 'pod install' or update your CocoaPods installation.\" >&2\n    exit 1\nfi\n# This output is used by Xcode 'outputs' to avoid re-running this script phase.\necho \"SUCCESS\" > \"${SCRIPT_OUTPUT_FILE_0}\"\n";
			showEnvVarsInLog = 0;
		};
		FB949F0380635795B2AC850D /* [CP] Embed Pods Frameworks */ = {
			isa = PBXShellScriptBuildPhase;
			buildActionMask = 2147483647;
			files = (
			);
			inputFileListPaths = (
				"${PODS_ROOT}/Target Support Files/Pods-translator/Pods-translator-frameworks-${CONFIGURATION}-input-files.xcfilelist",
			);
			name = "[CP] Embed Pods Frameworks";
			outputFileListPaths = (
				"${PODS_ROOT}/Target Support Files/Pods-translator/Pods-translator-frameworks-${CONFIGURATION}-output-files.xcfilelist",
			);
			runOnlyForDeploymentPostprocessing = 0;
			shellPath = /bin/sh;
			shellScript = "\"${PODS_ROOT}/Target Support Files/Pods-translator/Pods-translator-frameworks.sh\"\n";
			showEnvVarsInLog = 0;
		};
/* End PBXShellScriptBuildPhase section */

/* Begin PBXSourcesBuildPhase section */
		AF5F13D82C785D0900711F18 /* Sources */ = {
			isa = PBXSourcesBuildPhase;
			buildActionMask = 2147483647;
			files = (
				AF5F13E02C785D0900711F18 /* AppDelegate.swift in Sources */,
				AF5F13E22C785D0900711F18 /* SceneDelegate.swift in Sources */,
				AF5F13F52C785E3500711F18 /* TranslationViewController.swift in Sources */,
			);
			runOnlyForDeploymentPostprocessing = 0;
		};
/* End PBXSourcesBuildPhase section */

/* Begin PBXVariantGroup section */
		AF43E1842C804B750028AA17 /* Main.storyboard */ = {
			isa = PBXVariantGroup;
			children = (
				AF43E1852C804B750028AA17 /* Base */,
			);
			name = Main.storyboard;
			sourceTree = "<group>";
		};
		AF5F13EA2C785D0B00711F18 /* LaunchScreen.storyboard */ = {
			isa = PBXVariantGroup;
			children = (
				AF5F13EB2C785D0B00711F18 /* Base */,
			);
			name = LaunchScreen.storyboard;
			sourceTree = "<group>";
		};
/* End PBXVariantGroup section */

/* Begin XCBuildConfiguration section */
		AF5F13EE2C785D0B00711F18 /* Debug */ = {
			isa = XCBuildConfiguration;
			buildSettings = {
				ALWAYS_SEARCH_USER_PATHS = NO;
				ASSETCATALOG_COMPILER_GENERATE_SWIFT_ASSET_SYMBOL_EXTENSIONS = YES;
				CLANG_ANALYZER_NONNULL = YES;
				CLANG_ANALYZER_NUMBER_OBJECT_CONVERSION = YES_AGGRESSIVE;
				CLANG_CXX_LANGUAGE_STANDARD = "gnu++20";
				CLANG_ENABLE_MODULES = YES;
				CLANG_ENABLE_OBJC_ARC = YES;
				CLANG_ENABLE_OBJC_WEAK = YES;
				CLANG_WARN_BLOCK_CAPTURE_AUTORELEASING = YES;
				CLANG_WARN_BOOL_CONVERSION = YES;
				CLANG_WARN_COMMA = YES;
				CLANG_WARN_CONSTANT_CONVERSION = YES;
				CLANG_WARN_DEPRECATED_OBJC_IMPLEMENTATIONS = YES;
				CLANG_WARN_DIRECT_OBJC_ISA_USAGE = YES_ERROR;
				CLANG_WARN_DOCUMENTATION_COMMENTS = YES;
				CLANG_WARN_EMPTY_BODY = YES;
				CLANG_WARN_ENUM_CONVERSION = YES;
				CLANG_WARN_INFINITE_RECURSION = YES;
				CLANG_WARN_INT_CONVERSION = YES;
				CLANG_WARN_NON_LITERAL_NULL_CONVERSION = YES;
				CLANG_WARN_OBJC_IMPLICIT_RETAIN_SELF = YES;
				CLANG_WARN_OBJC_LITERAL_CONVERSION = YES;
				CLANG_WARN_OBJC_ROOT_CLASS = YES_ERROR;
				CLANG_WARN_QUOTED_INCLUDE_IN_FRAMEWORK_HEADER = YES;
				CLANG_WARN_RANGE_LOOP_ANALYSIS = YES;
				CLANG_WARN_STRICT_PROTOTYPES = YES;
				CLANG_WARN_SUSPICIOUS_MOVE = YES;
				CLANG_WARN_UNGUARDED_AVAILABILITY = YES_AGGRESSIVE;
				CLANG_WARN_UNREACHABLE_CODE = YES;
				CLANG_WARN__DUPLICATE_METHOD_MATCH = YES;
				COPY_PHASE_STRIP = NO;
				DEBUG_INFORMATION_FORMAT = dwarf;
				ENABLE_STRICT_OBJC_MSGSEND = YES;
				ENABLE_TESTABILITY = YES;
				ENABLE_USER_SCRIPT_SANDBOXING = YES;
				GCC_C_LANGUAGE_STANDARD = gnu17;
				GCC_DYNAMIC_NO_PIC = NO;
				GCC_NO_COMMON_BLOCKS = YES;
				GCC_OPTIMIZATION_LEVEL = 0;
				GCC_PREPROCESSOR_DEFINITIONS = (
					"DEBUG=1",
					"$(inherited)",
				);
				GCC_WARN_64_TO_32_BIT_CONVERSION = YES;
				GCC_WARN_ABOUT_RETURN_TYPE = YES_ERROR;
				GCC_WARN_UNDECLARED_SELECTOR = YES;
				GCC_WARN_UNINITIALIZED_AUTOS = YES_AGGRESSIVE;
				GCC_WARN_UNUSED_FUNCTION = YES;
				GCC_WARN_UNUSED_VARIABLE = YES;
				IPHONEOS_DEPLOYMENT_TARGET = 17.5;
				LOCALIZATION_PREFERS_STRING_CATALOGS = YES;
				MTL_ENABLE_DEBUG_INFO = INCLUDE_SOURCE;
				MTL_FAST_MATH = YES;
				ONLY_ACTIVE_ARCH = YES;
				SDKROOT = iphoneos;
				SWIFT_ACTIVE_COMPILATION_CONDITIONS = "DEBUG $(inherited)";
				SWIFT_OPTIMIZATION_LEVEL = "-Onone";
			};
			name = Debug;
		};
		AF5F13EF2C785D0B00711F18 /* Release */ = {
			isa = XCBuildConfiguration;
			buildSettings = {
				ALWAYS_SEARCH_USER_PATHS = NO;
				ASSETCATALOG_COMPILER_GENERATE_SWIFT_ASSET_SYMBOL_EXTENSIONS = YES;
				CLANG_ANALYZER_NONNULL = YES;
				CLANG_ANALYZER_NUMBER_OBJECT_CONVERSION = YES_AGGRESSIVE;
				CLANG_CXX_LANGUAGE_STANDARD = "gnu++20";
				CLANG_ENABLE_MODULES = YES;
				CLANG_ENABLE_OBJC_ARC = YES;
				CLANG_ENABLE_OBJC_WEAK = YES;
				CLANG_WARN_BLOCK_CAPTURE_AUTORELEASING = YES;
				CLANG_WARN_BOOL_CONVERSION = YES;
				CLANG_WARN_COMMA = YES;
				CLANG_WARN_CONSTANT_CONVERSION = YES;
				CLANG_WARN_DEPRECATED_OBJC_IMPLEMENTATIONS = YES;
				CLANG_WARN_DIRECT_OBJC_ISA_USAGE = YES_ERROR;
				CLANG_WARN_DOCUMENTATION_COMMENTS = YES;
				CLANG_WARN_EMPTY_BODY = YES;
				CLANG_WARN_ENUM_CONVERSION = YES;
				CLANG_WARN_INFINITE_RECURSION = YES;
				CLANG_WARN_INT_CONVERSION = YES;
				CLANG_WARN_NON_LITERAL_NULL_CONVERSION = YES;
				CLANG_WARN_OBJC_IMPLICIT_RETAIN_SELF = YES;
				CLANG_WARN_OBJC_LITERAL_CONVERSION = YES;
				CLANG_WARN_OBJC_ROOT_CLASS = YES_ERROR;
				CLANG_WARN_QUOTED_INCLUDE_IN_FRAMEWORK_HEADER = YES;
				CLANG_WARN_RANGE_LOOP_ANALYSIS = YES;
				CLANG_WARN_STRICT_PROTOTYPES = YES;
				CLANG_WARN_SUSPICIOUS_MOVE = YES;
				CLANG_WARN_UNGUARDED_AVAILABILITY = YES_AGGRESSIVE;
				CLANG_WARN_UNREACHABLE_CODE = YES;
				CLANG_WARN__DUPLICATE_METHOD_MATCH = YES;
				COPY_PHASE_STRIP = NO;
				DEBUG_INFORMATION_FORMAT = "dwarf-with-dsym";
				ENABLE_NS_ASSERTIONS = NO;
				ENABLE_STRICT_OBJC_MSGSEND = YES;
				ENABLE_USER_SCRIPT_SANDBOXING = YES;
				GCC_C_LANGUAGE_STANDARD = gnu17;
				GCC_NO_COMMON_BLOCKS = YES;
				GCC_WARN_64_TO_32_BIT_CONVERSION = YES;
				GCC_WARN_ABOUT_RETURN_TYPE = YES_ERROR;
				GCC_WARN_UNDECLARED_SELECTOR = YES;
				GCC_WARN_UNINITIALIZED_AUTOS = YES_AGGRESSIVE;
				GCC_WARN_UNUSED_FUNCTION = YES;
				GCC_WARN_UNUSED_VARIABLE = YES;
				IPHONEOS_DEPLOYMENT_TARGET = 17.5;
				LOCALIZATION_PREFERS_STRING_CATALOGS = YES;
				MTL_ENABLE_DEBUG_INFO = NO;
				MTL_FAST_MATH = YES;
				SDKROOT = iphoneos;
				SWIFT_COMPILATION_MODE = wholemodule;
				VALIDATE_PRODUCT = YES;
			};
			name = Release;
		};
		AF5F13F12C785D0B00711F18 /* Debug */ = {
			isa = XCBuildConfiguration;
			baseConfigurationReference = 3F3EFC9EB75BB802DA25582E /* Pods-translator.debug.xcconfig */;
			buildSettings = {
				ASSETCATALOG_COMPILER_APPICON_NAME = AppIcon;
				ASSETCATALOG_COMPILER_GLOBAL_ACCENT_COLOR_NAME = AccentColor;
				ASSETCATALOG_COMPILER_INCLUDE_ALL_APPICON_ASSETS = NO;
				CODE_SIGN_STYLE = Automatic;
				CURRENT_PROJECT_VERSION = 1;
				DEVELOPMENT_TEAM = RYYL2Z7DMC;
				ENABLE_USER_SCRIPT_SANDBOXING = NO;
				GENERATE_INFOPLIST_FILE = YES;
				INFOPLIST_FILE = translator/Info.plist;
				INFOPLIST_KEY_CFBundleDisplayName = Translator;
				INFOPLIST_KEY_LSApplicationCategoryType = "public.app-category.education";
				INFOPLIST_KEY_NSMicrophoneUsageDescription = "Microphone permission message";
				INFOPLIST_KEY_NSSpeechRecognitionUsageDescription = "speech permission message";
				INFOPLIST_KEY_UIApplicationSupportsIndirectInputEvents = YES;
				INFOPLIST_KEY_UILaunchStoryboardName = SplashScreen.storyboard;
				INFOPLIST_KEY_UIMainStoryboardFile = Main;
				INFOPLIST_KEY_UISupportedInterfaceOrientations = UIInterfaceOrientationPortrait;
				IPHONEOS_DEPLOYMENT_TARGET = 17;
				LD_RUNPATH_SEARCH_PATHS = (
					"$(inherited)",
					"@executable_path/Frameworks",
				);
				MARKETING_VERSION = 1.0;
				PRODUCT_BUNDLE_IDENTIFIER = com.spb.translator.translator;
				PRODUCT_NAME = "$(TARGET_NAME)";
				SUPPORTED_PLATFORMS = "iphoneos iphonesimulator";
				SUPPORTS_MACCATALYST = NO;
				SUPPORTS_MAC_DESIGNED_FOR_IPHONE_IPAD = NO;
				SUPPORTS_XR_DESIGNED_FOR_IPHONE_IPAD = NO;
				SWIFT_EMIT_LOC_STRINGS = YES;
				SWIFT_VERSION = 5.0;
				TARGETED_DEVICE_FAMILY = "1,2";
			};
			name = Debug;
		};
		AF5F13F22C785D0B00711F18 /* Release */ = {
			isa = XCBuildConfiguration;
			baseConfigurationReference = 60113FED664AA2C5B0701D47 /* Pods-translator.release.xcconfig */;
			buildSettings = {
				ASSETCATALOG_COMPILER_APPICON_NAME = AppIcon;
				ASSETCATALOG_COMPILER_GLOBAL_ACCENT_COLOR_NAME = AccentColor;
				ASSETCATALOG_COMPILER_INCLUDE_ALL_APPICON_ASSETS = NO;
				CODE_SIGN_STYLE = Automatic;
				CURRENT_PROJECT_VERSION = 1;
				DEVELOPMENT_TEAM = RYYL2Z7DMC;
				ENABLE_USER_SCRIPT_SANDBOXING = NO;
				GENERATE_INFOPLIST_FILE = YES;
				INFOPLIST_FILE = translator/Info.plist;
				INFOPLIST_KEY_CFBundleDisplayName = Translator;
				INFOPLIST_KEY_LSApplicationCategoryType = "public.app-category.education";
				INFOPLIST_KEY_NSMicrophoneUsageDescription = "Microphone permission message";
				INFOPLIST_KEY_NSSpeechRecognitionUsageDescription = "speech permission message";
				INFOPLIST_KEY_UIApplicationSupportsIndirectInputEvents = YES;
				INFOPLIST_KEY_UILaunchStoryboardName = SplashScreen.storyboard;
				INFOPLIST_KEY_UIMainStoryboardFile = Main;
				INFOPLIST_KEY_UISupportedInterfaceOrientations = UIInterfaceOrientationPortrait;
				IPHONEOS_DEPLOYMENT_TARGET = 17;
				LD_RUNPATH_SEARCH_PATHS = (
					"$(inherited)",
					"@executable_path/Frameworks",
				);
				MARKETING_VERSION = 1.0;
				PRODUCT_BUNDLE_IDENTIFIER = com.spb.translator.translator;
				PRODUCT_NAME = "$(TARGET_NAME)";
				SUPPORTED_PLATFORMS = "iphoneos iphonesimulator";
				SUPPORTS_MACCATALYST = NO;
				SUPPORTS_MAC_DESIGNED_FOR_IPHONE_IPAD = NO;
				SUPPORTS_XR_DESIGNED_FOR_IPHONE_IPAD = NO;
				SWIFT_EMIT_LOC_STRINGS = YES;
				SWIFT_VERSION = 5.0;
				TARGETED_DEVICE_FAMILY = "1,2";
			};
			name = Release;
		};
/* End XCBuildConfiguration section */

/* Begin XCConfigurationList section */
		AF5F13D72C785D0900711F18 /* Build configuration list for PBXProject "translator" */ = {
			isa = XCConfigurationList;
			buildConfigurations = (
				AF5F13EE2C785D0B00711F18 /* Debug */,
				AF5F13EF2C785D0B00711F18 /* Release */,
			);
			defaultConfigurationIsVisible = 0;
			defaultConfigurationName = Release;
		};
		AF5F13F02C785D0B00711F18 /* Build configuration list for PBXNativeTarget "translator" */ = {
			isa = XCConfigurationList;
			buildConfigurations = (
				AF5F13F12C785D0B00711F18 /* Debug */,
				AF5F13F22C785D0B00711F18 /* Release */,
			);
			defaultConfigurationIsVisible = 0;
			defaultConfigurationName = Release;
		};
/* End XCConfigurationList section */
	};
	rootObject = AF5F13D42C785D0900711F18 /* Project object */;
}
